
Microsoft Visual Studio Solution File, Format Version 12.00
# Visual Studio Version 17
VisualStudioVersion = 17.0.31903.59
MinimumVisualStudioVersion = 10.0.40219.1
Project("{2150E333-8FDC-42A3-9474-1A3956D46DE8}") = "src", "src", "{C8351487-90F8-4B15-88EF-FD6BE9AD55BC}"
EndProject
Project("{9A19103F-16F7-4668-BE54-9A1E7A4F7556}") = "TeachPlanner.Api", "src\TeachPlanner.Api\TeachPlanner.Api.csproj", "{3A24EB4D-B547-4A81-9160-D2682CE56267}"
EndProject
Project("{2150E333-8FDC-42A3-9474-1A3956D46DE8}") = "tests", "tests", "{3DD1FB48-BC0E-4880-8B5B-45E89E600270}"
EndProject
Project("{9A19103F-16F7-4668-BE54-9A1E7A4F7556}") = "TeachPlanner.Api.UnitTests", "tests\TeachPlanner.Api.UnitTests\TeachPlanner.Api.UnitTests.csproj", "{16C56DA5-CA43-4E31-AD95-7307677A68A1}"
EndProject
Project("{2150E333-8FDC-42A3-9474-1A3956D46DE8}") = "Solution Items", "Solution Items", "{7E41A180-9C71-48D1-972B-C5ED281B32AB}"
	ProjectSection(SolutionItems) = preProject
		.editorconfig = .editorconfig
	EndProjectSection
EndProject
Project("{9A19103F-16F7-4668-BE54-9A1E7A4F7556}") = "TeachPlanner.Blazor", "src\TeachPlanner.Blazor\TeachPlanner.Blazor\TeachPlanner.Blazor.csproj", "{0258AC2B-A65F-4281-AA63-432895EC1006}"
EndProject
Project("{9A19103F-16F7-4668-BE54-9A1E7A4F7556}") = "TeachPlanner.Blazor.Client", "src\TeachPlanner.Blazor\TeachPlanner.Blazor.Client\TeachPlanner.Blazor.Client.csproj", "{EFEE80F0-D29E-42A7-B138-0D6D0E52E989}"
EndProject
Project("{FAE04EC0-301F-11D3-BF4B-00C04F79EFBC}") = "TeachPlanner.Shared", "src\TeachPlanner.Shared\TeachPlanner.Shared.csproj", "{B903F4A2-ACF8-4F9E-9330-03408EE512F6}"
EndProject
Global
	GlobalSection(SolutionConfigurationPlatforms) = preSolution
		Debug|Any CPU = Debug|Any CPU
		Release|Any CPU = Release|Any CPU
	EndGlobalSection
	GlobalSection(ProjectConfigurationPlatforms) = postSolution
		{3A24EB4D-B547-4A81-9160-D2682CE56267}.Debug|Any CPU.ActiveCfg = Debug|Any CPU
		{3A24EB4D-B547-4A81-9160-D2682CE56267}.Debug|Any CPU.Build.0 = Debug|Any CPU
		{3A24EB4D-B547-4A81-9160-D2682CE56267}.Release|Any CPU.ActiveCfg = Release|Any CPU
		{3A24EB4D-B547-4A81-9160-D2682CE56267}.Release|Any CPU.Build.0 = Release|Any CPU
		{16C56DA5-CA43-4E31-AD95-7307677A68A1}.Debug|Any CPU.ActiveCfg = Debug|Any CPU
		{16C56DA5-CA43-4E31-AD95-7307677A68A1}.Debug|Any CPU.Build.0 = Debug|Any CPU
		{16C56DA5-CA43-4E31-AD95-7307677A68A1}.Release|Any CPU.ActiveCfg = Release|Any CPU
		{16C56DA5-CA43-4E31-AD95-7307677A68A1}.Release|Any CPU.Build.0 = Release|Any CPU
		{0258AC2B-A65F-4281-AA63-432895EC1006}.Debug|Any CPU.ActiveCfg = Debug|Any CPU
		{0258AC2B-A65F-4281-AA63-432895EC1006}.Debug|Any CPU.Build.0 = Debug|Any CPU
		{0258AC2B-A65F-4281-AA63-432895EC1006}.Release|Any CPU.ActiveCfg = Release|Any CPU
		{0258AC2B-A65F-4281-AA63-432895EC1006}.Release|Any CPU.Build.0 = Release|Any CPU
		{EFEE80F0-D29E-42A7-B138-0D6D0E52E989}.Debug|Any CPU.ActiveCfg = Debug|Any CPU
		{EFEE80F0-D29E-42A7-B138-0D6D0E52E989}.Debug|Any CPU.Build.0 = Debug|Any CPU
		{EFEE80F0-D29E-42A7-B138-0D6D0E52E989}.Release|Any CPU.ActiveCfg = Release|Any CPU
		{EFEE80F0-D29E-42A7-B138-0D6D0E52E989}.Release|Any CPU.Build.0 = Release|Any CPU
		{B903F4A2-ACF8-4F9E-9330-03408EE512F6}.Debug|Any CPU.ActiveCfg = Debug|Any CPU
		{B903F4A2-ACF8-4F9E-9330-03408EE512F6}.Debug|Any CPU.Build.0 = Debug|Any CPU
		{B903F4A2-ACF8-4F9E-9330-03408EE512F6}.Release|Any CPU.ActiveCfg = Release|Any CPU
		{B903F4A2-ACF8-4F9E-9330-03408EE512F6}.Release|Any CPU.Build.0 = Release|Any CPU
	EndGlobalSection
	GlobalSection(SolutionProperties) = preSolution
		HideSolutionNode = FALSE
	EndGlobalSection
	GlobalSection(NestedProjects) = preSolution
		{3A24EB4D-B547-4A81-9160-D2682CE56267} = {C8351487-90F8-4B15-88EF-FD6BE9AD55BC}
		{16C56DA5-CA43-4E31-AD95-7307677A68A1} = {3DD1FB48-BC0E-4880-8B5B-45E89E600270}
		{0258AC2B-A65F-4281-AA63-432895EC1006} = {C8351487-90F8-4B15-88EF-FD6BE9AD55BC}
		{EFEE80F0-D29E-42A7-B138-0D6D0E52E989} = {C8351487-90F8-4B15-88EF-FD6BE9AD55BC}
		{B903F4A2-ACF8-4F9E-9330-03408EE512F6} = {C8351487-90F8-4B15-88EF-FD6BE9AD55BC}
	EndGlobalSection
	GlobalSection(ExtensibilityGlobals) = postSolution
		SolutionGuid = {4B983D7D-DAC2-447E-9DDF-617C59EFE180}
	EndGlobalSection
EndGlobal
