
Microsoft Visual Studio Solution File, Format Version 12.00
# Visual Studio Version 17
VisualStudioVersion = 17.5.002.0
MinimumVisualStudioVersion = 10.0.40219.1
Project("{9A19103F-16F7-4668-BE54-9A1E7A4F7556}") = "Application", "Application\Application.csproj", "{A236BD66-C1AF-47AA-B1BF-406CFA17EC5D}"
EndProject
Project("{9A19103F-16F7-4668-BE54-9A1E7A4F7556}") = "Contracts", "Contracts\Contracts.csproj", "{F287B833-AED9-46D4-8FCF-B9481F89F105}"
EndProject
Project("{9A19103F-16F7-4668-BE54-9A1E7A4F7556}") = "Domain", "Domain\Domain.csproj", "{FD943410-2B98-4443-8178-7B7F94094B8A}"
EndProject
Project("{9A19103F-16F7-4668-BE54-9A1E7A4F7556}") = "Infrastructure", "Infrastructure\Infrastructure.csproj", "{DDCC29E6-CA10-4248-9475-6DCEA772D6A4}"
EndProject
Project("{9A19103F-16F7-4668-BE54-9A1E7A4F7556}") = "WebAPI", "WebAPI\WebAPI.csproj", "{69958365-367F-4F4C-9FD5-379A5C9ACC0C}"
EndProject
Global
	GlobalSection(SolutionConfigurationPlatforms) = preSolution
		Debug|Any CPU = Debug|Any CPU
		Release|Any CPU = Release|Any CPU
	EndGlobalSection
	GlobalSection(ProjectConfigurationPlatforms) = postSolution
		{A236BD66-C1AF-47AA-B1BF-406CFA17EC5D}.Debug|Any CPU.ActiveCfg = Debug|Any CPU
		{A236BD66-C1AF-47AA-B1BF-406CFA17EC5D}.Debug|Any CPU.Build.0 = Debug|Any CPU
		{A236BD66-C1AF-47AA-B1BF-406CFA17EC5D}.Release|Any CPU.ActiveCfg = Release|Any CPU
		{A236BD66-C1AF-47AA-B1BF-406CFA17EC5D}.Release|Any CPU.Build.0 = Release|Any CPU
		{F287B833-AED9-46D4-8FCF-B9481F89F105}.Debug|Any CPU.ActiveCfg = Debug|Any CPU
		{F287B833-AED9-46D4-8FCF-B9481F89F105}.Debug|Any CPU.Build.0 = Debug|Any CPU
		{F287B833-AED9-46D4-8FCF-B9481F89F105}.Release|Any CPU.ActiveCfg = Release|Any CPU
		{F287B833-AED9-46D4-8FCF-B9481F89F105}.Release|Any CPU.Build.0 = Release|Any CPU
		{FD943410-2B98-4443-8178-7B7F94094B8A}.Debug|Any CPU.ActiveCfg = Debug|Any CPU
		{FD943410-2B98-4443-8178-7B7F94094B8A}.Debug|Any CPU.Build.0 = Debug|Any CPU
		{FD943410-2B98-4443-8178-7B7F94094B8A}.Release|Any CPU.ActiveCfg = Release|Any CPU
		{FD943410-2B98-4443-8178-7B7F94094B8A}.Release|Any CPU.Build.0 = Release|Any CPU
		{DDCC29E6-CA10-4248-9475-6DCEA772D6A4}.Debug|Any CPU.ActiveCfg = Debug|Any CPU
		{DDCC29E6-CA10-4248-9475-6DCEA772D6A4}.Debug|Any CPU.Build.0 = Debug|Any CPU
		{DDCC29E6-CA10-4248-9475-6DCEA772D6A4}.Release|Any CPU.ActiveCfg = Release|Any CPU
		{DDCC29E6-CA10-4248-9475-6DCEA772D6A4}.Release|Any CPU.Build.0 = Release|Any CPU
		{69958365-367F-4F4C-9FD5-379A5C9ACC0C}.Debug|Any CPU.ActiveCfg = Debug|Any CPU
		{69958365-367F-4F4C-9FD5-379A5C9ACC0C}.Debug|Any CPU.Build.0 = Debug|Any CPU
		{69958365-367F-4F4C-9FD5-379A5C9ACC0C}.Release|Any CPU.ActiveCfg = Release|Any CPU
		{69958365-367F-4F4C-9FD5-379A5C9ACC0C}.Release|Any CPU.Build.0 = Release|Any CPU
	EndGlobalSection
	GlobalSection(SolutionProperties) = preSolution
		HideSolutionNode = FALSE
	EndGlobalSection
	GlobalSection(ExtensibilityGlobals) = postSolution
		SolutionGuid = {1602DC18-3A4B-4876-A09B-A5944374A391}
	EndGlobalSection
EndGlobal
